// !$*UTF8*$!
{
	archiveVersion = 1;
	classes = {
	};
	objectVersion = 56;
	objects = {

/* Begin PBXBuildFile section */
		9511C4F12C57D6FB00DF4558 /* NavigationStacksApp.swift in Sources */ = {isa = PBXBuildFile; fileRef = 9511C4F02C57D6FB00DF4558 /* NavigationStacksApp.swift */; };
		9511C4F32C57D6FB00DF4558 /* ContentView.swift in Sources */ = {isa = PBXBuildFile; fileRef = 9511C4F22C57D6FB00DF4558 /* ContentView.swift */; };
		9511C4F52C57D6FC00DF4558 /* Assets.xcassets in Resources */ = {isa = PBXBuildFile; fileRef = 9511C4F42C57D6FC00DF4558 /* Assets.xcassets */; };
		9511C4F82C57D6FC00DF4558 /* Preview Assets.xcassets in Resources */ = {isa = PBXBuildFile; fileRef = 9511C4F72C57D6FC00DF4558 /* Preview Assets.xcassets */; };
		9511C5022C57D6FC00DF4558 /* NavigationStacksTests.swift in Sources */ = {isa = PBXBuildFile; fileRef = 9511C5012C57D6FC00DF4558 /* NavigationStacksTests.swift */; };
		9511C50C2C57D6FC00DF4558 /* NavigationStacksUITests.swift in Sources */ = {isa = PBXBuildFile; fileRef = 9511C50B2C57D6FC00DF4558 /* NavigationStacksUITests.swift */; };
		9511C50E2C57D6FC00DF4558 /* NavigationStacksUITestsLaunchTests.swift in Sources */ = {isa = PBXBuildFile; fileRef = 9511C50D2C57D6FC00DF4558 /* NavigationStacksUITestsLaunchTests.swift */; };
/* End PBXBuildFile section */

/* Begin PBXContainerItemProxy section */
		9511C4FE2C57D6FC00DF4558 /* PBXContainerItemProxy */ = {
			isa = PBXContainerItemProxy;
			containerPortal = 9511C4E52C57D6FB00DF4558 /* Project object */;
			proxyType = 1;
			remoteGlobalIDString = 9511C4EC2C57D6FB00DF4558;
			remoteInfo = NavigationStacks;
		};
		9511C5082C57D6FC00DF4558 /* PBXContainerItemProxy */ = {
			isa = PBXContainerItemProxy;
			containerPortal = 9511C4E52C57D6FB00DF4558 /* Project object */;
			proxyType = 1;
			remoteGlobalIDString = 9511C4EC2C57D6FB00DF4558;
			remoteInfo = NavigationStacks;
		};
/* End PBXContainerItemProxy section */

/* Begin PBXFileReference section */
		9511C4ED2C57D6FB00DF4558 /* NavigationStacks.app */ = {isa = PBXFileReference; explicitFileType = wrapper.application; includeInIndex = 0; path = NavigationStacks.app; sourceTree = BUILT_PRODUCTS_DIR; };
		9511C4F02C57D6FB00DF4558 /* NavigationStacksApp.swift */ = {isa = PBXFileReference; lastKnownFileType = sourcecode.swift; path = NavigationStacksApp.swift; sourceTree = "<group>"; };
		9511C4F22C57D6FB00DF4558 /* ContentView.swift */ = {isa = PBXFileReference; lastKnownFileType = sourcecode.swift; path = ContentView.swift; sourceTree = "<group>"; };
		9511C4F42C57D6FC00DF4558 /* Assets.xcassets */ = {isa = PBXFileReference; lastKnownFileType = folder.assetcatalog; path = Assets.xcassets; sourceTree = "<group>"; };
		9511C4F72C57D6FC00DF4558 /* Preview Assets.xcassets */ = {isa = PBXFileReference; lastKnownFileType = folder.assetcatalog; path = "Preview Assets.xcassets"; sourceTree = "<group>"; };
		9511C4FD2C57D6FC00DF4558 /* NavigationStacksTests.xctest */ = {isa = PBXFileReference; explicitFileType = wrapper.cfbundle; includeInIndex = 0; path = NavigationStacksTests.xctest; sourceTree = BUILT_PRODUCTS_DIR; };
		9511C5012C57D6FC00DF4558 /* NavigationStacksTests.swift */ = {isa = PBXFileReference; lastKnownFileType = sourcecode.swift; path = NavigationStacksTests.swift; sourceTree = "<group>"; };
		9511C5072C57D6FC00DF4558 /* NavigationStacksUITests.xctest */ = {isa = PBXFileReference; explicitFileType = wrapper.cfbundle; includeInIndex = 0; path = NavigationStacksUITests.xctest; sourceTree = BUILT_PRODUCTS_DIR; };
		9511C50B2C57D6FC00DF4558 /* NavigationStacksUITests.swift */ = {isa = PBXFileReference; lastKnownFileType = sourcecode.swift; path = NavigationStacksUITests.swift; sourceTree = "<group>"; };
		9511C50D2C57D6FC00DF4558 /* NavigationStacksUITestsLaunchTests.swift */ = {isa = PBXFileReference; lastKnownFileType = sourcecode.swift; path = NavigationStacksUITestsLaunchTests.swift; sourceTree = "<group>"; };
/* End PBXFileReference section */

/* Begin PBXFrameworksBuildPhase section */
		9511C4EA2C57D6FB00DF4558 /* Frameworks */ = {
			isa = PBXFrameworksBuildPhase;
			buildActionMask = 2147483647;
			files = (
			);
			runOnlyForDeploymentPostprocessing = 0;
		};
		9511C4FA2C57D6FC00DF4558 /* Frameworks */ = {
			isa = PBXFrameworksBuildPhase;
			buildActionMask = 2147483647;
			files = (
			);
			runOnlyForDeploymentPostprocessing = 0;
		};
		9511C5042C57D6FC00DF4558 /* Frameworks */ = {
			isa = PBXFrameworksBuildPhase;
			buildActionMask = 2147483647;
			files = (
			);
			runOnlyForDeploymentPostprocessing = 0;
		};
/* End PBXFrameworksBuildPhase section */

/* Begin PBXGroup section */
		9511C4E42C57D6FB00DF4558 = {
			isa = PBXGroup;
			children = (
				9511C4EF2C57D6FB00DF4558 /* NavigationStacks */,
				9511C5002C57D6FC00DF4558 /* NavigationStacksTests */,
				9511C50A2C57D6FC00DF4558 /* NavigationStacksUITests */,
				9511C4EE2C57D6FB00DF4558 /* Products */,
			);
			sourceTree = "<group>";
		};
		9511C4EE2C57D6FB00DF4558 /* Products */ = {
			isa = PBXGroup;
			children = (
				9511C4ED2C57D6FB00DF4558 /* NavigationStacks.app */,
				9511C4FD2C57D6FC00DF4558 /* NavigationStacksTests.xctest */,
				9511C5072C57D6FC00DF4558 /* NavigationStacksUITests.xctest */,
			);
			name = Products;
			sourceTree = "<group>";
		};
		9511C4EF2C57D6FB00DF4558 /* NavigationStacks */ = {
			isa = PBXGroup;
			children = (
				9511C4F02C57D6FB00DF4558 /* NavigationStacksApp.swift */,
				9511C4F22C57D6FB00DF4558 /* ContentView.swift */,
				9511C4F42C57D6FC00DF4558 /* Assets.xcassets */,
				9511C4F62C57D6FC00DF4558 /* Preview Content */,
			);
			path = NavigationStacks;
			sourceTree = "<group>";
		};
		9511C4F62C57D6FC00DF4558 /* Preview Content */ = {
			isa = PBXGroup;
			children = (
				9511C4F72C57D6FC00DF4558 /* Preview Assets.xcassets */,
			);
			path = "Preview Content";
			sourceTree = "<group>";
		};
		9511C5002C57D6FC00DF4558 /* NavigationStacksTests */ = {
			isa = PBXGroup;
			children = (
				9511C5012C57D6FC00DF4558 /* NavigationStacksTests.swift */,
			);
			path = NavigationStacksTests;
			sourceTree = "<group>";
		};
		9511C50A2C57D6FC00DF4558 /* NavigationStacksUITests */ = {
			isa = PBXGroup;
			children = (
				9511C50B2C57D6FC00DF4558 /* NavigationStacksUITests.swift */,
				9511C50D2C57D6FC00DF4558 /* NavigationStacksUITestsLaunchTests.swift */,
			);
			path = NavigationStacksUITests;
			sourceTree = "<group>";
		};
/* End PBXGroup section */

/* Begin PBXNativeTarget section */
		9511C4EC2C57D6FB00DF4558 /* NavigationStacks */ = {
			isa = PBXNativeTarget;
			buildConfigurationList = 9511C5112C57D6FC00DF4558 /* Build configuration list for PBXNativeTarget "NavigationStacks" */;
			buildPhases = (
				9511C4E92C57D6FB00DF4558 /* Sources */,
				9511C4EA2C57D6FB00DF4558 /* Frameworks */,
				9511C4EB2C57D6FB00DF4558 /* Resources */,
			);
			buildRules = (
			);
			dependencies = (
			);
			name = NavigationStacks;
			productName = NavigationStacks;
			productReference = 9511C4ED2C57D6FB00DF4558 /* NavigationStacks.app */;
			productType = "com.apple.product-type.application";
		};
		9511C4FC2C57D6FC00DF4558 /* NavigationStacksTests */ = {
			isa = PBXNativeTarget;
			buildConfigurationList = 9511C5142C57D6FC00DF4558 /* Build configuration list for PBXNativeTarget "NavigationStacksTests" */;
			buildPhases = (
				9511C4F92C57D6FC00DF4558 /* Sources */,
				9511C4FA2C57D6FC00DF4558 /* Frameworks */,
				9511C4FB2C57D6FC00DF4558 /* Resources */,
			);
			buildRules = (
			);
			dependencies = (
				9511C4FF2C57D6FC00DF4558 /* PBXTargetDependency */,
			);
			name = NavigationStacksTests;
			productName = NavigationStacksTests;
			productReference = 9511C4FD2C57D6FC00DF4558 /* NavigationStacksTests.xctest */;
			productType = "com.apple.product-type.bundle.unit-test";
		};
		9511C5062C57D6FC00DF4558 /* NavigationStacksUITests */ = {
			isa = PBXNativeTarget;
			buildConfigurationList = 9511C5172C57D6FC00DF4558 /* Build configuration list for PBXNativeTarget "NavigationStacksUITests" */;
			buildPhases = (
				9511C5032C57D6FC00DF4558 /* Sources */,
				9511C5042C57D6FC00DF4558 /* Frameworks */,
				9511C5052C57D6FC00DF4558 /* Resources */,
			);
			buildRules = (
			);
			dependencies = (
				9511C5092C57D6FC00DF4558 /* PBXTargetDependency */,
			);
			name = NavigationStacksUITests;
			productName = NavigationStacksUITests;
			productReference = 9511C5072C57D6FC00DF4558 /* NavigationStacksUITests.xctest */;
			productType = "com.apple.product-type.bundle.ui-testing";
		};
/* End PBXNativeTarget section */

/* Begin PBXProject section */
		9511C4E52C57D6FB00DF4558 /* Project object */ = {
			isa = PBXProject;
			attributes = {
				BuildIndependentTargetsInParallel = 1;
				LastSwiftUpdateCheck = 1530;
				LastUpgradeCheck = 1530;
				TargetAttributes = {
					9511C4EC2C57D6FB00DF4558 = {
						CreatedOnToolsVersion = 15.3;
					};
					9511C4FC2C57D6FC00DF4558 = {
						CreatedOnToolsVersion = 15.3;
						TestTargetID = 9511C4EC2C57D6FB00DF4558;
					};
					9511C5062C57D6FC00DF4558 = {
						CreatedOnToolsVersion = 15.3;
						TestTargetID = 9511C4EC2C57D6FB00DF4558;
					};
				};
			};
			buildConfigurationList = 9511C4E82C57D6FB00DF4558 /* Build configuration list for PBXProject "NavigationStacks" */;
			compatibilityVersion = "Xcode 14.0";
			developmentRegion = en;
			hasScannedForEncodings = 0;
			knownRegions = (
				en,
				Base,
			);
			mainGroup = 9511C4E42C57D6FB00DF4558;
			productRefGroup = 9511C4EE2C57D6FB00DF4558 /* Products */;
			projectDirPath = "";
			projectRoot = "";
			targets = (
				9511C4EC2C57D6FB00DF4558 /* NavigationStacks */,
				9511C4FC2C57D6FC00DF4558 /* NavigationStacksTests */,
				9511C5062C57D6FC00DF4558 /* NavigationStacksUITests */,
			);
		};
/* End PBXProject section */

/* Begin PBXResourcesBuildPhase section */
		9511C4EB2C57D6FB00DF4558 /* Resources */ = {
			isa = PBXResourcesBuildPhase;
			buildActionMask = 2147483647;
			files = (
				9511C4F82C57D6FC00DF4558 /* Preview Assets.xcassets in Resources */,
				9511C4F52C57D6FC00DF4558 /* Assets.xcassets in Resources */,
			);
			runOnlyForDeploymentPostprocessing = 0;
		};
		9511C4FB2C57D6FC00DF4558 /* Resources */ = {
			isa = PBXResourcesBuildPhase;
			buildActionMask = 2147483647;
			files = (
			);
			runOnlyForDeploymentPostprocessing = 0;
		};
		9511C5052C57D6FC00DF4558 /* Resources */ = {
			isa = PBXResourcesBuildPhase;
			buildActionMask = 2147483647;
			files = (
			);
			runOnlyForDeploymentPostprocessing = 0;
		};
/* End PBXResourcesBuildPhase section */

/* Begin PBXSourcesBuildPhase section */
		9511C4E92C57D6FB00DF4558 /* Sources */ = {
			isa = PBXSourcesBuildPhase;
			buildActionMask = 2147483647;
			files = (
				9511C4F32C57D6FB00DF4558 /* ContentView.swift in Sources */,
				9511C4F12C57D6FB00DF4558 /* NavigationStacksApp.swift in Sources */,
			);
			runOnlyForDeploymentPostprocessing = 0;
		};
		9511C4F92C57D6FC00DF4558 /* Sources */ = {
			isa = PBXSourcesBuildPhase;
			buildActionMask = 2147483647;
			files = (
				9511C5022C57D6FC00DF4558 /* NavigationStacksTests.swift in Sources */,
			);
			runOnlyForDeploymentPostprocessing = 0;
		};
		9511C5032C57D6FC00DF4558 /* Sources */ = {
			isa = PBXSourcesBuildPhase;
			buildActionMask = 2147483647;
			files = (
				9511C50C2C57D6FC00DF4558 /* NavigationStacksUITests.swift in Sources */,
				9511C50E2C57D6FC00DF4558 /* NavigationStacksUITestsLaunchTests.swift in Sources */,
			);
			runOnlyForDeploymentPostprocessing = 0;
		};
/* End PBXSourcesBuildPhase section */

/* Begin PBXTargetDependency section */
		9511C4FF2C57D6FC00DF4558 /* PBXTargetDependency */ = {
			isa = PBXTargetDependency;
			target = 9511C4EC2C57D6FB00DF4558 /* NavigationStacks */;
			targetProxy = 9511C4FE2C57D6FC00DF4558 /* PBXContainerItemProxy */;
		};
		9511C5092C57D6FC00DF4558 /* PBXTargetDependency */ = {
			isa = PBXTargetDependency;
			target = 9511C4EC2C57D6FB00DF4558 /* NavigationStacks */;
			targetProxy = 9511C5082C57D6FC00DF4558 /* PBXContainerItemProxy */;
		};
/* End PBXTargetDependency section */

/* Begin XCBuildConfiguration section */
		9511C50F2C57D6FC00DF4558 /* Debug */ = {
			isa = XCBuildConfiguration;
			buildSettings = {
				ALWAYS_SEARCH_USER_PATHS = NO;
				ASSETCATALOG_COMPILER_GENERATE_SWIFT_ASSET_SYMBOL_EXTENSIONS = YES;
				CLANG_ANALYZER_NONNULL = YES;
				CLANG_ANALYZER_NUMBER_OBJECT_CONVERSION = YES_AGGRESSIVE;
				CLANG_CXX_LANGUAGE_STANDARD = "gnu++20";
				CLANG_ENABLE_MODULES = YES;
				CLANG_ENABLE_OBJC_ARC = YES;
				CLANG_ENABLE_OBJC_WEAK = YES;
				CLANG_WARN_BLOCK_CAPTURE_AUTORELEASING = YES;
				CLANG_WARN_BOOL_CONVERSION = YES;
				CLANG_WARN_COMMA = YES;
				CLANG_WARN_CONSTANT_CONVERSION = YES;
				CLANG_WARN_DEPRECATED_OBJC_IMPLEMENTATIONS = YES;
				CLANG_WARN_DIRECT_OBJC_ISA_USAGE = YES_ERROR;
				CLANG_WARN_DOCUMENTATION_COMMENTS = YES;
				CLANG_WARN_EMPTY_BODY = YES;
				CLANG_WARN_ENUM_CONVERSION = YES;
				CLANG_WARN_INFINITE_RECURSION = YES;
				CLANG_WARN_INT_CONVERSION = YES;
				CLANG_WARN_NON_LITERAL_NULL_CONVERSION = YES;
				CLANG_WARN_OBJC_IMPLICIT_RETAIN_SELF = YES;
				CLANG_WARN_OBJC_LITERAL_CONVERSION = YES;
				CLANG_WARN_OBJC_ROOT_CLASS = YES_ERROR;
				CLANG_WARN_QUOTED_INCLUDE_IN_FRAMEWORK_HEADER = YES;
				CLANG_WARN_RANGE_LOOP_ANALYSIS = YES;
				CLANG_WARN_STRICT_PROTOTYPES = YES;
				CLANG_WARN_SUSPICIOUS_MOVE = YES;
				CLANG_WARN_UNGUARDED_AVAILABILITY = YES_AGGRESSIVE;
				CLANG_WARN_UNREACHABLE_CODE = YES;
				CLANG_WARN__DUPLICATE_METHOD_MATCH = YES;
				COPY_PHASE_STRIP = NO;
				DEBUG_INFORMATION_FORMAT = dwarf;
				ENABLE_STRICT_OBJC_MSGSEND = YES;
				ENABLE_TESTABILITY = YES;
				ENABLE_USER_SCRIPT_SANDBOXING = YES;
				GCC_C_LANGUAGE_STANDARD = gnu17;
				GCC_DYNAMIC_NO_PIC = NO;
				GCC_NO_COMMON_BLOCKS = YES;
				GCC_OPTIMIZATION_LEVEL = 0;
				GCC_PREPROCESSOR_DEFINITIONS = (
					"DEBUG=1",
					"$(inherited)",
				);
				GCC_WARN_64_TO_32_BIT_CONVERSION = YES;
				GCC_WARN_ABOUT_RETURN_TYPE = YES_ERROR;
				GCC_WARN_UNDECLARED_SELECTOR = YES;
				GCC_WARN_UNINITIALIZED_AUTOS = YES_AGGRESSIVE;
				GCC_WARN_UNUSED_FUNCTION = YES;
				GCC_WARN_UNUSED_VARIABLE = YES;
				IPHONEOS_DEPLOYMENT_TARGET = 17.4;
				LOCALIZATION_PREFERS_STRING_CATALOGS = YES;
				MTL_ENABLE_DEBUG_INFO = INCLUDE_SOURCE;
				MTL_FAST_MATH = YES;
				ONLY_ACTIVE_ARCH = YES;
				SDKROOT = iphoneos;
				SWIFT_ACTIVE_COMPILATION_CONDITIONS = "DEBUG $(inherited)";
				SWIFT_OPTIMIZATION_LEVEL = "-Onone";
			};
			name = Debug;
		};
		9511C5102C57D6FC00DF4558 /* Release */ = {
			isa = XCBuildConfiguration;
			buildSettings = {
				ALWAYS_SEARCH_USER_PATHS = NO;
				ASSETCATALOG_COMPILER_GENERATE_SWIFT_ASSET_SYMBOL_EXTENSIONS = YES;
				CLANG_ANALYZER_NONNULL = YES;
				CLANG_ANALYZER_NUMBER_OBJECT_CONVERSION = YES_AGGRESSIVE;
				CLANG_CXX_LANGUAGE_STANDARD = "gnu++20";
				CLANG_ENABLE_MODULES = YES;
				CLANG_ENABLE_OBJC_ARC = YES;
				CLANG_ENABLE_OBJC_WEAK = YES;
				CLANG_WARN_BLOCK_CAPTURE_AUTORELEASING = YES;
				CLANG_WARN_BOOL_CONVERSION = YES;
				CLANG_WARN_COMMA = YES;
				CLANG_WARN_CONSTANT_CONVERSION = YES;
				CLANG_WARN_DEPRECATED_OBJC_IMPLEMENTATIONS = YES;
				CLANG_WARN_DIRECT_OBJC_ISA_USAGE = YES_ERROR;
				CLANG_WARN_DOCUMENTATION_COMMENTS = YES;
				CLANG_WARN_EMPTY_BODY = YES;
				CLANG_WARN_ENUM_CONVERSION = YES;
				CLANG_WARN_INFINITE_RECURSION = YES;
				CLANG_WARN_INT_CONVERSION = YES;
				CLANG_WARN_NON_LITERAL_NULL_CONVERSION = YES;
				CLANG_WARN_OBJC_IMPLICIT_RETAIN_SELF = YES;
				CLANG_WARN_OBJC_LITERAL_CONVERSION = YES;
				CLANG_WARN_OBJC_ROOT_CLASS = YES_ERROR;
				CLANG_WARN_QUOTED_INCLUDE_IN_FRAMEWORK_HEADER = YES;
				CLANG_WARN_RANGE_LOOP_ANALYSIS = YES;
				CLANG_WARN_STRICT_PROTOTYPES = YES;
				CLANG_WARN_SUSPICIOUS_MOVE = YES;
				CLANG_WARN_UNGUARDED_AVAILABILITY = YES_AGGRESSIVE;
				CLANG_WARN_UNREACHABLE_CODE = YES;
				CLANG_WARN__DUPLICATE_METHOD_MATCH = YES;
				COPY_PHASE_STRIP = NO;
				DEBUG_INFORMATION_FORMAT = "dwarf-with-dsym";
				ENABLE_NS_ASSERTIONS = NO;
				ENABLE_STRICT_OBJC_MSGSEND = YES;
				ENABLE_USER_SCRIPT_SANDBOXING = YES;
				GCC_C_LANGUAGE_STANDARD = gnu17;
				GCC_NO_COMMON_BLOCKS = YES;
				GCC_WARN_64_TO_32_BIT_CONVERSION = YES;
				GCC_WARN_ABOUT_RETURN_TYPE = YES_ERROR;
				GCC_WARN_UNDECLARED_SELECTOR = YES;
				GCC_WARN_UNINITIALIZED_AUTOS = YES_AGGRESSIVE;
				GCC_WARN_UNUSED_FUNCTION = YES;
				GCC_WARN_UNUSED_VARIABLE = YES;
				IPHONEOS_DEPLOYMENT_TARGET = 17.4;
				LOCALIZATION_PREFERS_STRING_CATALOGS = YES;
				MTL_ENABLE_DEBUG_INFO = NO;
				MTL_FAST_MATH = YES;
				SDKROOT = iphoneos;
				SWIFT_COMPILATION_MODE = wholemodule;
				VALIDATE_PRODUCT = YES;
			};
			name = Release;
		};
		9511C5122C57D6FC00DF4558 /* Debug */ = {
			isa = XCBuildConfiguration;
			buildSettings = {
				ASSETCATALOG_COMPILER_APPICON_NAME = AppIcon;
				ASSETCATALOG_COMPILER_GLOBAL_ACCENT_COLOR_NAME = AccentColor;
				CODE_SIGN_STYLE = Automatic;
				CURRENT_PROJECT_VERSION = 1;
				DEVELOPMENT_ASSET_PATHS = "\"NavigationStacks/Preview Content\"";
				DEVELOPMENT_TEAM = 6X5K6FX2KM;
				ENABLE_PREVIEWS = YES;
				GENERATE_INFOPLIST_FILE = YES;
				INFOPLIST_KEY_UIApplicationSceneManifest_Generation = YES;
				INFOPLIST_KEY_UIApplicationSupportsIndirectInputEvents = YES;
				INFOPLIST_KEY_UILaunchScreen_Generation = YES;
				INFOPLIST_KEY_UISupportedInterfaceOrientations_iPad = "UIInterfaceOrientationPortrait UIInterfaceOrientationPortraitUpsideDown UIInterfaceOrientationLandscapeLeft UIInterfaceOrientationLandscapeRight";
				INFOPLIST_KEY_UISupportedInterfaceOrientations_iPhone = "UIInterfaceOrientationPortrait UIInterfaceOrientationLandscapeLeft UIInterfaceOrientationLandscapeRight";
				LD_RUNPATH_SEARCH_PATHS = (
					"$(inherited)",
					"@executable_path/Frameworks",
				);
				MARKETING_VERSION = 1.0;
				PRODUCT_BUNDLE_IDENTIFIER = kwk.NavigationStacks;
				PRODUCT_NAME = "$(TARGET_NAME)";
				SWIFT_EMIT_LOC_STRINGS = YES;
				SWIFT_VERSION = 5.0;
				TARGETED_DEVICE_FAMILY = "1,2";
			};
			name = Debug;
		};
		9511C5132C57D6FC00DF4558 /* Release */ = {
			isa = XCBuildConfiguration;
			buildSettings = {
				ASSETCATALOG_COMPILER_APPICON_NAME = AppIcon;
				ASSETCATALOG_COMPILER_GLOBAL_ACCENT_COLOR_NAME = AccentColor;
				CODE_SIGN_STYLE = Automatic;
				CURRENT_PROJECT_VERSION = 1;
				DEVELOPMENT_ASSET_PATHS = "\"NavigationStacks/Preview Content\"";
				DEVELOPMENT_TEAM = 6X5K6FX2KM;
				ENABLE_PREVIEWS = YES;
				GENERATE_INFOPLIST_FILE = YES;
				INFOPLIST_KEY_UIApplicationSceneManifest_Generation = YES;
				INFOPLIST_KEY_UIApplicationSupportsIndirectInputEvents = YES;
				INFOPLIST_KEY_UILaunchScreen_Generation = YES;
				INFOPLIST_KEY_UISupportedInterfaceOrientations_iPad = "UIInterfaceOrientationPortrait UIInterfaceOrientationPortraitUpsideDown UIInterfaceOrientationLandscapeLeft UIInterfaceOrientationLandscapeRight";
				INFOPLIST_KEY_UISupportedInterfaceOrientations_iPhone = "UIInterfaceOrientationPortrait UIInterfaceOrientationLandscapeLeft UIInterfaceOrientationLandscapeRight";
				LD_RUNPATH_SEARCH_PATHS = (
					"$(inherited)",
					"@executable_path/Frameworks",
				);
				MARKETING_VERSION = 1.0;
				PRODUCT_BUNDLE_IDENTIFIER = kwk.NavigationStacks;
				PRODUCT_NAME = "$(TARGET_NAME)";
				SWIFT_EMIT_LOC_STRINGS = YES;
				SWIFT_VERSION = 5.0;
				TARGETED_DEVICE_FAMILY = "1,2";
			};
			name = Release;
		};
		9511C5152C57D6FC00DF4558 /* Debug */ = {
			isa = XCBuildConfiguration;
			buildSettings = {
				ALWAYS_EMBED_SWIFT_STANDARD_LIBRARIES = YES;
				BUNDLE_LOADER = "$(TEST_HOST)";
				CODE_SIGN_STYLE = Automatic;
				CURRENT_PROJECT_VERSION = 1;
				DEVELOPMENT_TEAM = 6X5K6FX2KM;
				GENERATE_INFOPLIST_FILE = YES;
				IPHONEOS_DEPLOYMENT_TARGET = 17.4;
				MARKETING_VERSION = 1.0;
				PRODUCT_BUNDLE_IDENTIFIER = kwk.NavigationStacksTests;
				PRODUCT_NAME = "$(TARGET_NAME)";
				SWIFT_EMIT_LOC_STRINGS = NO;
				SWIFT_VERSION = 5.0;
				TARGETED_DEVICE_FAMILY = "1,2";
				TEST_HOST = "$(BUILT_PRODUCTS_DIR)/NavigationStacks.app/$(BUNDLE_EXECUTABLE_FOLDER_PATH)/NavigationStacks";
			};
			name = Debug;
		};
		9511C5162C57D6FC00DF4558 /* Release */ = {
			isa = XCBuildConfiguration;
			buildSettings = {
				ALWAYS_EMBED_SWIFT_STANDARD_LIBRARIES = YES;
				BUNDLE_LOADER = "$(TEST_HOST)";
				CODE_SIGN_STYLE = Automatic;
				CURRENT_PROJECT_VERSION = 1;
				DEVELOPMENT_TEAM = 6X5K6FX2KM;
				GENERATE_INFOPLIST_FILE = YES;
				IPHONEOS_DEPLOYMENT_TARGET = 17.4;
				MARKETING_VERSION = 1.0;
				PRODUCT_BUNDLE_IDENTIFIER = kwk.NavigationStacksTests;
				PRODUCT_NAME = "$(TARGET_NAME)";
				SWIFT_EMIT_LOC_STRINGS = NO;
				SWIFT_VERSION = 5.0;
				TARGETED_DEVICE_FAMILY = "1,2";
				TEST_HOST = "$(BUILT_PRODUCTS_DIR)/NavigationStacks.app/$(BUNDLE_EXECUTABLE_FOLDER_PATH)/NavigationStacks";
			};
			name = Release;
		};
		9511C5182C57D6FC00DF4558 /* Debug */ = {
			isa = XCBuildConfiguration;
			buildSettings = {
				ALWAYS_EMBED_SWIFT_STANDARD_LIBRARIES = YES;
				CODE_SIGN_STYLE = Automatic;
				CURRENT_PROJECT_VERSION = 1;
				DEVELOPMENT_TEAM = 6X5K6FX2KM;
				GENERATE_INFOPLIST_FILE = YES;
				MARKETING_VERSION = 1.0;
				PRODUCT_BUNDLE_IDENTIFIER = kwk.NavigationStacksUITests;
				PRODUCT_NAME = "$(TARGET_NAME)";
				SWIFT_EMIT_LOC_STRINGS = NO;
				SWIFT_VERSION = 5.0;
				TARGETED_DEVICE_FAMILY = "1,2";
				TEST_TARGET_NAME = NavigationStacks;
			};
			name = Debug;
		};
		9511C5192C57D6FC00DF4558 /* Release */ = {
			isa = XCBuildConfiguration;
			buildSettings = {
				ALWAYS_EMBED_SWIFT_STANDARD_LIBRARIES = YES;
				CODE_SIGN_STYLE = Automatic;
				CURRENT_PROJECT_VERSION = 1;
				DEVELOPMENT_TEAM = 6X5K6FX2KM;
				GENERATE_INFOPLIST_FILE = YES;
				MARKETING_VERSION = 1.0;
				PRODUCT_BUNDLE_IDENTIFIER = kwk.NavigationStacksUITests;
				PRODUCT_NAME = "$(TARGET_NAME)";
				SWIFT_EMIT_LOC_STRINGS = NO;
				SWIFT_VERSION = 5.0;
				TARGETED_DEVICE_FAMILY = "1,2";
				TEST_TARGET_NAME = NavigationStacks;
			};
			name = Release;
		};
/* End XCBuildConfiguration section */

/* Begin XCConfigurationList section */
		9511C4E82C57D6FB00DF4558 /* Build configuration list for PBXProject "NavigationStacks" */ = {
			isa = XCConfigurationList;
			buildConfigurations = (
				9511C50F2C57D6FC00DF4558 /* Debug */,
				9511C5102C57D6FC00DF4558 /* Release */,
			);
			defaultConfigurationIsVisible = 0;
			defaultConfigurationName = Release;
		};
		9511C5112C57D6FC00DF4558 /* Build configuration list for PBXNativeTarget "NavigationStacks" */ = {
			isa = XCConfigurationList;
			buildConfigurations = (
				9511C5122C57D6FC00DF4558 /* Debug */,
				9511C5132C57D6FC00DF4558 /* Release */,
			);
			defaultConfigurationIsVisible = 0;
			defaultConfigurationName = Release;
		};
		9511C5142C57D6FC00DF4558 /* Build configuration list for PBXNativeTarget "NavigationStacksTests" */ = {
			isa = XCConfigurationList;
			buildConfigurations = (
				9511C5152C57D6FC00DF4558 /* Debug */,
				9511C5162C57D6FC00DF4558 /* Release */,
			);
			defaultConfigurationIsVisible = 0;
			defaultConfigurationName = Release;
		};
		9511C5172C57D6FC00DF4558 /* Build configuration list for PBXNativeTarget "NavigationStacksUITests" */ = {
			isa = XCConfigurationList;
			buildConfigurations = (
				9511C5182C57D6FC00DF4558 /* Debug */,
				9511C5192C57D6FC00DF4558 /* Release */,
			);
			defaultConfigurationIsVisible = 0;
			defaultConfigurationName = Release;
		};
/* End XCConfigurationList section */
	};
	rootObject = 9511C4E52C57D6FB00DF4558 /* Project object */;
}
